// !$*UTF8*$!
{
	archiveVersion = 1;
	classes = {
	};
	objectVersion = 46;
	objects = {

/* Begin PBXAggregateTarget section */
		87F746321DD0175E00C6DF7C /* Mogenerator */ = {
			isa = PBXAggregateTarget;
			buildConfigurationList = 87F746331DD0175E00C6DF7C /* Build configuration list for PBXAggregateTarget "Mogenerator" */;
			buildPhases = (
				87F746361DD0177000C6DF7C /* ShellScript */,
			);
			dependencies = (
			);
			name = Mogenerator;
			productName = Mogenerator;
		};
/* End PBXAggregateTarget section */

/* Begin PBXBuildFile section */
		87D3C1921DD3E9510038895D /* LTableViewController.m in Sources */ = {isa = PBXBuildFile; fileRef = 87D3C1911DD3E9510038895D /* LTableViewController.m */; };
		87D3C19D1DD3F0C30038895D /* LAddItemView.m in Sources */ = {isa = PBXBuildFile; fileRef = 87D3C19C1DD3F0C30038895D /* LAddItemView.m */; };
		87D3C1A11DD3F1F20038895D /* LItemCellView.m in Sources */ = {isa = PBXBuildFile; fileRef = 87D3C1A01DD3F1F20038895D /* LItemCellView.m */; };
		87D3C1A41DD404AA0038895D /* LIconButton.m in Sources */ = {isa = PBXBuildFile; fileRef = 87D3C1A31DD404AA0038895D /* LIconButton.m */; };
		87D3C1A71DD4138B0038895D /* LPresentingTransition.m in Sources */ = {isa = PBXBuildFile; fileRef = 87D3C1A61DD4138B0038895D /* LPresentingTransition.m */; };
		87D3C1AB1DD414390038895D /* LTransition.m in Sources */ = {isa = PBXBuildFile; fileRef = 87D3C1AA1DD414390038895D /* LTransition.m */; };
		87D3C1AE1DD4158E0038895D /* LDismissingTransition.m in Sources */ = {isa = PBXBuildFile; fileRef = 87D3C1AD1DD4158E0038895D /* LDismissingTransition.m */; };
		87D3C1B11DD532480038895D /* LEmptyView.m in Sources */ = {isa = PBXBuildFile; fileRef = 87D3C1B01DD532480038895D /* LEmptyView.m */; };
		87D3C1B51DD546340038895D /* LSwipeCell.m in Sources */ = {isa = PBXBuildFile; fileRef = 87D3C1B41DD546340038895D /* LSwipeCell.m */; };
		87D3C1B91DD54B080038895D /* LListCellRightSwipeView.m in Sources */ = {isa = PBXBuildFile; fileRef = 87D3C1B81DD54B080038895D /* LListCellRightSwipeView.m */; };
		87F7461A1DD0150E00C6DF7C /* main.m in Sources */ = {isa = PBXBuildFile; fileRef = 87F746191DD0150E00C6DF7C /* main.m */; };
		87F7461D1DD0150E00C6DF7C /* AppDelegate.m in Sources */ = {isa = PBXBuildFile; fileRef = 87F7461C1DD0150E00C6DF7C /* AppDelegate.m */; };
		87F746281DD0150E00C6DF7C /* Assets.xcassets in Resources */ = {isa = PBXBuildFile; fileRef = 87F746271DD0150E00C6DF7C /* Assets.xcassets */; };
		87F7462B1DD0150E00C6DF7C /* LaunchScreen.storyboard in Resources */ = {isa = PBXBuildFile; fileRef = 87F746291DD0150E00C6DF7C /* LaunchScreen.storyboard */; };
		87F7463B1DD0179F00C6DF7C /* _List.m in Sources */ = {isa = PBXBuildFile; fileRef = 87F746381DD0179F00C6DF7C /* _List.m */; };
		87F7463C1DD0179F00C6DF7C /* List.m in Sources */ = {isa = PBXBuildFile; fileRef = 87F7463A1DD0179F00C6DF7C /* List.m */; };
		87F746411DD019B000C6DF7C /* RoamToolkit.framework in Frameworks */ = {isa = PBXBuildFile; fileRef = 87F746401DD019B000C6DF7C /* RoamToolkit.framework */; };
		87F746461DD01B6C00C6DF7C /* LLists.xcdatamodeld in Sources */ = {isa = PBXBuildFile; fileRef = 87F746241DD0150E00C6DF7C /* LLists.xcdatamodeld */; };
		87F746511DD01DB500C6DF7C /* LAllListsViewCell.m in Sources */ = {isa = PBXBuildFile; fileRef = 87F7464E1DD01DB500C6DF7C /* LAllListsViewCell.m */; };
		87F746521DD01DB500C6DF7C /* LAllListsViewController.m in Sources */ = {isa = PBXBuildFile; fileRef = 87F746501DD01DB500C6DF7C /* LAllListsViewController.m */; };
		87F746591DD01E0A00C6DF7C /* LSingleListViewCell.m in Sources */ = {isa = PBXBuildFile; fileRef = 87F746561DD01E0A00C6DF7C /* LSingleListViewCell.m */; };
		87F7465A1DD01E0A00C6DF7C /* LSingleListViewController.m in Sources */ = {isa = PBXBuildFile; fileRef = 87F746581DD01E0A00C6DF7C /* LSingleListViewController.m */; };
		87F7465E1DD01E2C00C6DF7C /* LListsManager.m in Sources */ = {isa = PBXBuildFile; fileRef = 87F7465D1DD01E2C00C6DF7C /* LListsManager.m */; };
		87F746621DD01E6F00C6DF7C /* LSettingsManager.m in Sources */ = {isa = PBXBuildFile; fileRef = 87F746611DD01E6F00C6DF7C /* LSettingsManager.m */; };
		87F746711DD01EE300C6DF7C /* LColorTag.m in Sources */ = {isa = PBXBuildFile; fileRef = 87F7466E1DD01EE300C6DF7C /* LColorTag.m */; };
		87F746721DD01EE300C6DF7C /* LDoneButton.m in Sources */ = {isa = PBXBuildFile; fileRef = 87F746701DD01EE300C6DF7C /* LDoneButton.m */; };
		87F746751DD0358F00C6DF7C /* _Item.m in Sources */ = {isa = PBXBuildFile; fileRef = 87F746741DD0358F00C6DF7C /* _Item.m */; };
		87F746781DD0359900C6DF7C /* Item.m in Sources */ = {isa = PBXBuildFile; fileRef = 87F746771DD0359900C6DF7C /* Item.m */; };
		87F7467B1DD1429800C6DF7C /* LTextView.m in Sources */ = {isa = PBXBuildFile; fileRef = 87F7467A1DD1429800C6DF7C /* LTextView.m */; };
		87F746851DD2C2C800C6DF7C /* LHeaderView.m in Sources */ = {isa = PBXBuildFile; fileRef = 87F746841DD2C2C800C6DF7C /* LHeaderView.m */; };
		87F746881DD2D10900C6DF7C /* LAddListView.m in Sources */ = {isa = PBXBuildFile; fileRef = 87F746871DD2D10800C6DF7C /* LAddListView.m */; };
		87F7468B1DD2D20600C6DF7C /* LListCellView.m in Sources */ = {isa = PBXBuildFile; fileRef = 87F7468A1DD2D20600C6DF7C /* LListCellView.m */; };
		87F746921DD3B38800C6DF7C /* LSeparator.m in Sources */ = {isa = PBXBuildFile; fileRef = 87F746911DD3B38800C6DF7C /* LSeparator.m */; };
/* End PBXBuildFile section */

/* Begin PBXFileReference section */
		87D3C1901DD3E9510038895D /* LTableViewController.h */ = {isa = PBXFileReference; fileEncoding = 4; lastKnownFileType = sourcecode.c.h; path = LTableViewController.h; sourceTree = "<group>"; };
		87D3C1911DD3E9510038895D /* LTableViewController.m */ = {isa = PBXFileReference; fileEncoding = 4; lastKnownFileType = sourcecode.c.objc; path = LTableViewController.m; sourceTree = "<group>"; };
		87D3C19B1DD3F0C30038895D /* LAddItemView.h */ = {isa = PBXFileReference; fileEncoding = 4; lastKnownFileType = sourcecode.c.h; path = LAddItemView.h; sourceTree = "<group>"; };
		87D3C19C1DD3F0C30038895D /* LAddItemView.m */ = {isa = PBXFileReference; fileEncoding = 4; lastKnownFileType = sourcecode.c.objc; path = LAddItemView.m; sourceTree = "<group>"; };
		87D3C19F1DD3F1F20038895D /* LItemCellView.h */ = {isa = PBXFileReference; fileEncoding = 4; lastKnownFileType = sourcecode.c.h; path = LItemCellView.h; sourceTree = "<group>"; };
		87D3C1A01DD3F1F20038895D /* LItemCellView.m */ = {isa = PBXFileReference; fileEncoding = 4; lastKnownFileType = sourcecode.c.objc; path = LItemCellView.m; sourceTree = "<group>"; };
		87D3C1A21DD404AA0038895D /* LIconButton.h */ = {isa = PBXFileReference; fileEncoding = 4; lastKnownFileType = sourcecode.c.h; path = LIconButton.h; sourceTree = "<group>"; };
		87D3C1A31DD404AA0038895D /* LIconButton.m */ = {isa = PBXFileReference; fileEncoding = 4; lastKnownFileType = sourcecode.c.objc; path = LIconButton.m; sourceTree = "<group>"; };
		87D3C1A51DD4138B0038895D /* LPresentingTransition.h */ = {isa = PBXFileReference; fileEncoding = 4; lastKnownFileType = sourcecode.c.h; path = LPresentingTransition.h; sourceTree = "<group>"; };
		87D3C1A61DD4138B0038895D /* LPresentingTransition.m */ = {isa = PBXFileReference; fileEncoding = 4; lastKnownFileType = sourcecode.c.objc; path = LPresentingTransition.m; sourceTree = "<group>"; };
		87D3C1A91DD414390038895D /* LTransition.h */ = {isa = PBXFileReference; fileEncoding = 4; lastKnownFileType = sourcecode.c.h; path = LTransition.h; sourceTree = "<group>"; };
		87D3C1AA1DD414390038895D /* LTransition.m */ = {isa = PBXFileReference; fileEncoding = 4; lastKnownFileType = sourcecode.c.objc; path = LTransition.m; sourceTree = "<group>"; };
		87D3C1AC1DD4158E0038895D /* LDismissingTransition.h */ = {isa = PBXFileReference; fileEncoding = 4; lastKnownFileType = sourcecode.c.h; path = LDismissingTransition.h; sourceTree = "<group>"; };
		87D3C1AD1DD4158E0038895D /* LDismissingTransition.m */ = {isa = PBXFileReference; fileEncoding = 4; lastKnownFileType = sourcecode.c.objc; path = LDismissingTransition.m; sourceTree = "<group>"; };
		87D3C1AF1DD532480038895D /* LEmptyView.h */ = {isa = PBXFileReference; fileEncoding = 4; lastKnownFileType = sourcecode.c.h; path = LEmptyView.h; sourceTree = "<group>"; };
		87D3C1B01DD532480038895D /* LEmptyView.m */ = {isa = PBXFileReference; fileEncoding = 4; lastKnownFileType = sourcecode.c.objc; path = LEmptyView.m; sourceTree = "<group>"; };
		87D3C1B31DD546340038895D /* LSwipeCell.h */ = {isa = PBXFileReference; fileEncoding = 4; lastKnownFileType = sourcecode.c.h; path = LSwipeCell.h; sourceTree = "<group>"; };
		87D3C1B41DD546340038895D /* LSwipeCell.m */ = {isa = PBXFileReference; fileEncoding = 4; lastKnownFileType = sourcecode.c.objc; path = LSwipeCell.m; sourceTree = "<group>"; };
		87D3C1B71DD54B080038895D /* LListCellRightSwipeView.h */ = {isa = PBXFileReference; fileEncoding = 4; lastKnownFileType = sourcecode.c.h; path = LListCellRightSwipeView.h; sourceTree = "<group>"; };
		87D3C1B81DD54B080038895D /* LListCellRightSwipeView.m */ = {isa = PBXFileReference; fileEncoding = 4; lastKnownFileType = sourcecode.c.objc; path = LListCellRightSwipeView.m; sourceTree = "<group>"; };
		87F746151DD0150E00C6DF7C /* LLists.app */ = {isa = PBXFileReference; explicitFileType = wrapper.application; includeInIndex = 0; path = LLists.app; sourceTree = BUILT_PRODUCTS_DIR; };
		87F746191DD0150E00C6DF7C /* main.m */ = {isa = PBXFileReference; lastKnownFileType = sourcecode.c.objc; path = main.m; sourceTree = "<group>"; };
		87F7461B1DD0150E00C6DF7C /* AppDelegate.h */ = {isa = PBXFileReference; lastKnownFileType = sourcecode.c.h; path = AppDelegate.h; sourceTree = "<group>"; };
		87F7461C1DD0150E00C6DF7C /* AppDelegate.m */ = {isa = PBXFileReference; lastKnownFileType = sourcecode.c.objc; path = AppDelegate.m; sourceTree = "<group>"; };
		87F746251DD0150E00C6DF7C /* LLists.xcdatamodel */ = {isa = PBXFileReference; lastKnownFileType = wrapper.xcdatamodel; path = LLists.xcdatamodel; sourceTree = "<group>"; };
		87F746271DD0150E00C6DF7C /* Assets.xcassets */ = {isa = PBXFileReference; lastKnownFileType = folder.assetcatalog; path = Assets.xcassets; sourceTree = "<group>"; };
		87F7462A1DD0150E00C6DF7C /* Base */ = {isa = PBXFileReference; lastKnownFileType = file.storyboard; name = Base; path = Base.lproj/LaunchScreen.storyboard; sourceTree = "<group>"; };
		87F7462C1DD0150E00C6DF7C /* Info.plist */ = {isa = PBXFileReference; lastKnownFileType = text.plist.xml; path = Info.plist; sourceTree = "<group>"; };
		87F746371DD0179F00C6DF7C /* _List.h */ = {isa = PBXFileReference; fileEncoding = 4; lastKnownFileType = sourcecode.c.h; name = _List.h; path = Model/_List.h; sourceTree = "<group>"; };
		87F746381DD0179F00C6DF7C /* _List.m */ = {isa = PBXFileReference; fileEncoding = 4; lastKnownFileType = sourcecode.c.objc; name = _List.m; path = Model/_List.m; sourceTree = "<group>"; };
		87F746391DD0179F00C6DF7C /* List.h */ = {isa = PBXFileReference; fileEncoding = 4; lastKnownFileType = sourcecode.c.h; name = List.h; path = Model/List.h; sourceTree = "<group>"; };
		87F7463A1DD0179F00C6DF7C /* List.m */ = {isa = PBXFileReference; fileEncoding = 4; lastKnownFileType = sourcecode.c.objc; name = List.m; path = Model/List.m; sourceTree = "<group>"; };
		87F7463D1DD017BD00C6DF7C /* PrefixHeader.pch */ = {isa = PBXFileReference; lastKnownFileType = sourcecode.c.h; path = PrefixHeader.pch; sourceTree = "<group>"; };
		87F746401DD019B000C6DF7C /* RoamToolkit.framework */ = {isa = PBXFileReference; lastKnownFileType = wrapper.framework; path = RoamToolkit.framework; sourceTree = "<group>"; };
		87F7464B1DD01D3C00C6DF7C /* Constants.h */ = {isa = PBXFileReference; lastKnownFileType = sourcecode.c.h; path = Constants.h; sourceTree = "<group>"; };
		87F7464C1DD01D5900C6DF7C /* Model.h */ = {isa = PBXFileReference; lastKnownFileType = sourcecode.c.h; path = Model.h; sourceTree = "<group>"; };
		87F7464D1DD01DB500C6DF7C /* LAllListsViewCell.h */ = {isa = PBXFileReference; fileEncoding = 4; lastKnownFileType = sourcecode.c.h; path = LAllListsViewCell.h; sourceTree = "<group>"; };
		87F7464E1DD01DB500C6DF7C /* LAllListsViewCell.m */ = {isa = PBXFileReference; fileEncoding = 4; lastKnownFileType = sourcecode.c.objc; path = LAllListsViewCell.m; sourceTree = "<group>"; };
		87F7464F1DD01DB500C6DF7C /* LAllListsViewController.h */ = {isa = PBXFileReference; fileEncoding = 4; lastKnownFileType = sourcecode.c.h; path = LAllListsViewController.h; sourceTree = "<group>"; };
		87F746501DD01DB500C6DF7C /* LAllListsViewController.m */ = {isa = PBXFileReference; fileEncoding = 4; lastKnownFileType = sourcecode.c.objc; path = LAllListsViewController.m; sourceTree = "<group>"; };
		87F746551DD01E0A00C6DF7C /* LSingleListViewCell.h */ = {isa = PBXFileReference; fileEncoding = 4; lastKnownFileType = sourcecode.c.h; path = LSingleListViewCell.h; sourceTree = "<group>"; };
		87F746561DD01E0A00C6DF7C /* LSingleListViewCell.m */ = {isa = PBXFileReference; fileEncoding = 4; lastKnownFileType = sourcecode.c.objc; path = LSingleListViewCell.m; sourceTree = "<group>"; };
		87F746571DD01E0A00C6DF7C /* LSingleListViewController.h */ = {isa = PBXFileReference; fileEncoding = 4; lastKnownFileType = sourcecode.c.h; path = LSingleListViewController.h; sourceTree = "<group>"; };
		87F746581DD01E0A00C6DF7C /* LSingleListViewController.m */ = {isa = PBXFileReference; fileEncoding = 4; lastKnownFileType = sourcecode.c.objc; path = LSingleListViewController.m; sourceTree = "<group>"; };
		87F7465C1DD01E2C00C6DF7C /* LListsManager.h */ = {isa = PBXFileReference; fileEncoding = 4; lastKnownFileType = sourcecode.c.h; path = LListsManager.h; sourceTree = "<group>"; };
		87F7465D1DD01E2C00C6DF7C /* LListsManager.m */ = {isa = PBXFileReference; fileEncoding = 4; lastKnownFileType = sourcecode.c.objc; path = LListsManager.m; sourceTree = "<group>"; };
		87F746601DD01E6F00C6DF7C /* LSettingsManager.h */ = {isa = PBXFileReference; fileEncoding = 4; lastKnownFileType = sourcecode.c.h; path = LSettingsManager.h; sourceTree = "<group>"; };
		87F746611DD01E6F00C6DF7C /* LSettingsManager.m */ = {isa = PBXFileReference; fileEncoding = 4; lastKnownFileType = sourcecode.c.objc; path = LSettingsManager.m; sourceTree = "<group>"; };
		87F7466D1DD01EE300C6DF7C /* LColorTag.h */ = {isa = PBXFileReference; fileEncoding = 4; lastKnownFileType = sourcecode.c.h; path = LColorTag.h; sourceTree = "<group>"; };
		87F7466E1DD01EE300C6DF7C /* LColorTag.m */ = {isa = PBXFileReference; fileEncoding = 4; lastKnownFileType = sourcecode.c.objc; path = LColorTag.m; sourceTree = "<group>"; };
		87F7466F1DD01EE300C6DF7C /* LDoneButton.h */ = {isa = PBXFileReference; fileEncoding = 4; lastKnownFileType = sourcecode.c.h; path = LDoneButton.h; sourceTree = "<group>"; };
		87F746701DD01EE300C6DF7C /* LDoneButton.m */ = {isa = PBXFileReference; fileEncoding = 4; lastKnownFileType = sourcecode.c.objc; path = LDoneButton.m; sourceTree = "<group>"; };
		87F746731DD0358F00C6DF7C /* _Item.h */ = {isa = PBXFileReference; fileEncoding = 4; lastKnownFileType = sourcecode.c.h; name = _Item.h; path = Model/_Item.h; sourceTree = "<group>"; };
		87F746741DD0358F00C6DF7C /* _Item.m */ = {isa = PBXFileReference; fileEncoding = 4; lastKnownFileType = sourcecode.c.objc; name = _Item.m; path = Model/_Item.m; sourceTree = "<group>"; };
		87F746761DD0359900C6DF7C /* Item.h */ = {isa = PBXFileReference; fileEncoding = 4; lastKnownFileType = sourcecode.c.h; name = Item.h; path = Model/Item.h; sourceTree = "<group>"; };
		87F746771DD0359900C6DF7C /* Item.m */ = {isa = PBXFileReference; fileEncoding = 4; lastKnownFileType = sourcecode.c.objc; name = Item.m; path = Model/Item.m; sourceTree = "<group>"; };
		87F746791DD1429800C6DF7C /* LTextView.h */ = {isa = PBXFileReference; fileEncoding = 4; lastKnownFileType = sourcecode.c.h; path = LTextView.h; sourceTree = "<group>"; };
		87F7467A1DD1429800C6DF7C /* LTextView.m */ = {isa = PBXFileReference; fileEncoding = 4; lastKnownFileType = sourcecode.c.objc; path = LTextView.m; sourceTree = "<group>"; };
		87F746831DD2C2C800C6DF7C /* LHeaderView.h */ = {isa = PBXFileReference; fileEncoding = 4; lastKnownFileType = sourcecode.c.h; path = LHeaderView.h; sourceTree = "<group>"; };
		87F746841DD2C2C800C6DF7C /* LHeaderView.m */ = {isa = PBXFileReference; fileEncoding = 4; lastKnownFileType = sourcecode.c.objc; path = LHeaderView.m; sourceTree = "<group>"; };
		87F746861DD2D10800C6DF7C /* LAddListView.h */ = {isa = PBXFileReference; fileEncoding = 4; lastKnownFileType = sourcecode.c.h; path = LAddListView.h; sourceTree = "<group>"; };
		87F746871DD2D10800C6DF7C /* LAddListView.m */ = {isa = PBXFileReference; fileEncoding = 4; lastKnownFileType = sourcecode.c.objc; path = LAddListView.m; sourceTree = "<group>"; };
		87F746891DD2D20600C6DF7C /* LListCellView.h */ = {isa = PBXFileReference; fileEncoding = 4; lastKnownFileType = sourcecode.c.h; path = LListCellView.h; sourceTree = "<group>"; };
		87F7468A1DD2D20600C6DF7C /* LListCellView.m */ = {isa = PBXFileReference; fileEncoding = 4; lastKnownFileType = sourcecode.c.objc; path = LListCellView.m; sourceTree = "<group>"; };
		87F746901DD3B38800C6DF7C /* LSeparator.h */ = {isa = PBXFileReference; fileEncoding = 4; lastKnownFileType = sourcecode.c.h; path = LSeparator.h; sourceTree = "<group>"; };
		87F746911DD3B38800C6DF7C /* LSeparator.m */ = {isa = PBXFileReference; fileEncoding = 4; lastKnownFileType = sourcecode.c.objc; path = LSeparator.m; sourceTree = "<group>"; };
/* End PBXFileReference section */

/* Begin PBXFrameworksBuildPhase section */
		87F746121DD0150E00C6DF7C /* Frameworks */ = {
			isa = PBXFrameworksBuildPhase;
			buildActionMask = 2147483647;
			files = (
				87F746411DD019B000C6DF7C /* RoamToolkit.framework in Frameworks */,
			);
			runOnlyForDeploymentPostprocessing = 0;
		};
/* End PBXFrameworksBuildPhase section */

/* Begin PBXGroup section */
		87D3C1931DD3ECF80038895D /* Buttons */ = {
			isa = PBXGroup;
			children = (
				87D3C1A21DD404AA0038895D /* LIconButton.h */,
				87D3C1A31DD404AA0038895D /* LIconButton.m */,
				87F7466D1DD01EE300C6DF7C /* LColorTag.h */,
				87F7466E1DD01EE300C6DF7C /* LColorTag.m */,
				87F7466F1DD01EE300C6DF7C /* LDoneButton.h */,
				87F746701DD01EE300C6DF7C /* LDoneButton.m */,
			);
			name = Buttons;
			sourceTree = "<group>";
		};
		87D3C1941DD3ED020038895D /* Text View */ = {
			isa = PBXGroup;
			children = (
				87F746791DD1429800C6DF7C /* LTextView.h */,
				87F7467A1DD1429800C6DF7C /* LTextView.m */,
			);
			name = "Text View";
			sourceTree = "<group>";
		};
		87D3C1951DD3ED0E0038895D /* Header */ = {
			isa = PBXGroup;
			children = (
				87F746831DD2C2C800C6DF7C /* LHeaderView.h */,
				87F746841DD2C2C800C6DF7C /* LHeaderView.m */,
			);
			name = Header;
			sourceTree = "<group>";
		};
		87D3C1971DD3ED210038895D /* View Controller */ = {
			isa = PBXGroup;
			children = (
				87D3C1901DD3E9510038895D /* LTableViewController.h */,
				87D3C1911DD3E9510038895D /* LTableViewController.m */,
				87D3C1A81DD413A80038895D /* Transition */,
			);
			name = "View Controller";
			sourceTree = "<group>";
		};
		87D3C19E1DD3F0CF0038895D /* Cells */ = {
			isa = PBXGroup;
			children = (
				87F746551DD01E0A00C6DF7C /* LSingleListViewCell.h */,
				87F746561DD01E0A00C6DF7C /* LSingleListViewCell.m */,
				87D3C19B1DD3F0C30038895D /* LAddItemView.h */,
				87D3C19C1DD3F0C30038895D /* LAddItemView.m */,
				87D3C19F1DD3F1F20038895D /* LItemCellView.h */,
				87D3C1A01DD3F1F20038895D /* LItemCellView.m */,
			);
			name = Cells;
			sourceTree = "<group>";
		};
		87D3C1A81DD413A80038895D /* Transition */ = {
			isa = PBXGroup;
			children = (
				87D3C1A91DD414390038895D /* LTransition.h */,
				87D3C1AA1DD414390038895D /* LTransition.m */,
				87D3C1A51DD4138B0038895D /* LPresentingTransition.h */,
				87D3C1A61DD4138B0038895D /* LPresentingTransition.m */,
				87D3C1AC1DD4158E0038895D /* LDismissingTransition.h */,
				87D3C1AD1DD4158E0038895D /* LDismissingTransition.m */,
			);
			name = Transition;
			sourceTree = "<group>";
		};
		87D3C1B21DD532610038895D /* Empty View */ = {
			isa = PBXGroup;
			children = (
				87D3C1AF1DD532480038895D /* LEmptyView.h */,
				87D3C1B01DD532480038895D /* LEmptyView.m */,
			);
			name = "Empty View";
			sourceTree = "<group>";
		};
		87D3C1B61DD5494C0038895D /* Cell */ = {
			isa = PBXGroup;
			children = (
				87D3C1B31DD546340038895D /* LSwipeCell.h */,
				87D3C1B41DD546340038895D /* LSwipeCell.m */,
				87F746901DD3B38800C6DF7C /* LSeparator.h */,
				87F746911DD3B38800C6DF7C /* LSeparator.m */,
			);
			name = Cell;
			sourceTree = "<group>";
		};
		87D3C1BA1DD54C350038895D /* Table Cell */ = {
			isa = PBXGroup;
			children = (
				87F7464D1DD01DB500C6DF7C /* LAllListsViewCell.h */,
				87F7464E1DD01DB500C6DF7C /* LAllListsViewCell.m */,
				87D3C1B71DD54B080038895D /* LListCellRightSwipeView.h */,
				87D3C1B81DD54B080038895D /* LListCellRightSwipeView.m */,
			);
			name = "Table Cell";
			sourceTree = "<group>";
		};
		87D3C1BB1DD54C410038895D /* Add View */ = {
			isa = PBXGroup;
			children = (
				87F746861DD2D10800C6DF7C /* LAddListView.h */,
				87F746871DD2D10800C6DF7C /* LAddListView.m */,
			);
			name = "Add View";
			sourceTree = "<group>";
		};
		87F7460C1DD0150E00C6DF7C = {
			isa = PBXGroup;
			children = (
				87F746171DD0150E00C6DF7C /* LLists */,
				87F746161DD0150E00C6DF7C /* Products */,
			);
			sourceTree = "<group>";
		};
		87F746161DD0150E00C6DF7C /* Products */ = {
			isa = PBXGroup;
			children = (
				87F746151DD0150E00C6DF7C /* LLists.app */,
			);
			name = Products;
			sourceTree = "<group>";
		};
		87F746171DD0150E00C6DF7C /* LLists */ = {
			isa = PBXGroup;
			children = (
				87F7461B1DD0150E00C6DF7C /* AppDelegate.h */,
				87F7461C1DD0150E00C6DF7C /* AppDelegate.m */,
				87F7464B1DD01D3C00C6DF7C /* Constants.h */,
				87F7465F1DD01E3000C6DF7C /* Managers */,
				87F746531DD01DBA00C6DF7C /* Screens */,
				87F746661DD01E9700C6DF7C /* Utils */,
				87F746481DD01C8D00C6DF7C /* Model */,
				87F746471DD01C8000C6DF7C /* Resources */,
				87F746181DD0150E00C6DF7C /* Supporting Files */,
			);
			path = LLists;
			sourceTree = "<group>";
		};
		87F746181DD0150E00C6DF7C /* Supporting Files */ = {
			isa = PBXGroup;
			children = (
				87F7463D1DD017BD00C6DF7C /* PrefixHeader.pch */,
				87F7462C1DD0150E00C6DF7C /* Info.plist */,
				87F746191DD0150E00C6DF7C /* main.m */,
			);
			name = "Supporting Files";
			sourceTree = "<group>";
		};
		87F746471DD01C8000C6DF7C /* Resources */ = {
			isa = PBXGroup;
			children = (
				87F746271DD0150E00C6DF7C /* Assets.xcassets */,
				87F746401DD019B000C6DF7C /* RoamToolkit.framework */,
				87F746291DD0150E00C6DF7C /* LaunchScreen.storyboard */,
			);
			name = Resources;
			sourceTree = "<group>";
		};
		87F746481DD01C8D00C6DF7C /* Model */ = {
			isa = PBXGroup;
			children = (
				87F7464C1DD01D5900C6DF7C /* Model.h */,
				87F746241DD0150E00C6DF7C /* LLists.xcdatamodeld */,
				87F746491DD01CAC00C6DF7C /* Public */,
				87F7464A1DD01CB400C6DF7C /* Private */,
			);
			name = Model;
			sourceTree = "<group>";
		};
		87F746491DD01CAC00C6DF7C /* Public */ = {
			isa = PBXGroup;
			children = (
				87F746761DD0359900C6DF7C /* Item.h */,
				87F746771DD0359900C6DF7C /* Item.m */,
				87F746391DD0179F00C6DF7C /* List.h */,
				87F7463A1DD0179F00C6DF7C /* List.m */,
			);
			name = Public;
			sourceTree = "<group>";
		};
		87F7464A1DD01CB400C6DF7C /* Private */ = {
			isa = PBXGroup;
			children = (
				87F746731DD0358F00C6DF7C /* _Item.h */,
				87F746741DD0358F00C6DF7C /* _Item.m */,
				87F746371DD0179F00C6DF7C /* _List.h */,
				87F746381DD0179F00C6DF7C /* _List.m */,
			);
			name = Private;
			sourceTree = "<group>";
		};
		87F746531DD01DBA00C6DF7C /* Screens */ = {
			isa = PBXGroup;
			children = (
				87F746541DD01DE300C6DF7C /* All Lists */,
				87F7465B1DD01E1000C6DF7C /* Single List */,
			);
			name = Screens;
			sourceTree = "<group>";
		};
		87F746541DD01DE300C6DF7C /* All Lists */ = {
			isa = PBXGroup;
			children = (
				87F7464F1DD01DB500C6DF7C /* LAllListsViewController.h */,
				87F746501DD01DB500C6DF7C /* LAllListsViewController.m */,
				87F7468C1DD2D3A000C6DF7C /* Cells */,
			);
			name = "All Lists";
			sourceTree = "<group>";
		};
		87F7465B1DD01E1000C6DF7C /* Single List */ = {
			isa = PBXGroup;
			children = (
				87F746571DD01E0A00C6DF7C /* LSingleListViewController.h */,
				87F746581DD01E0A00C6DF7C /* LSingleListViewController.m */,
				87D3C19E1DD3F0CF0038895D /* Cells */,
			);
			name = "Single List";
			sourceTree = "<group>";
		};
		87F7465F1DD01E3000C6DF7C /* Managers */ = {
			isa = PBXGroup;
			children = (
				87F746601DD01E6F00C6DF7C /* LSettingsManager.h */,
				87F746611DD01E6F00C6DF7C /* LSettingsManager.m */,
				87F7465C1DD01E2C00C6DF7C /* LListsManager.h */,
				87F7465D1DD01E2C00C6DF7C /* LListsManager.m */,
			);
			name = Managers;
			sourceTree = "<group>";
		};
		87F746661DD01E9700C6DF7C /* Utils */ = {
			isa = PBXGroup;
			children = (
				87D3C1971DD3ED210038895D /* View Controller */,
				87D3C1B21DD532610038895D /* Empty View */,
				87D3C1951DD3ED0E0038895D /* Header */,
				87D3C1941DD3ED020038895D /* Text View */,
				87D3C1B61DD5494C0038895D /* Cell */,
				87D3C1931DD3ECF80038895D /* Buttons */,
			);
			name = Utils;
			sourceTree = "<group>";
		};
		87F7468C1DD2D3A000C6DF7C /* Cells */ = {
			isa = PBXGroup;
			children = (
				87F746891DD2D20600C6DF7C /* LListCellView.h */,
				87F7468A1DD2D20600C6DF7C /* LListCellView.m */,
				87D3C1BA1DD54C350038895D /* Table Cell */,
				87D3C1BB1DD54C410038895D /* Add View */,
			);
			name = Cells;
			sourceTree = "<group>";
		};
/* End PBXGroup section */

/* Begin PBXNativeTarget section */
		87F746141DD0150E00C6DF7C /* LLists */ = {
			isa = PBXNativeTarget;
			buildConfigurationList = 87F7462F1DD0150E00C6DF7C /* Build configuration list for PBXNativeTarget "LLists" */;
			buildPhases = (
				87F746111DD0150E00C6DF7C /* Sources */,
				87F746121DD0150E00C6DF7C /* Frameworks */,
				87F746131DD0150E00C6DF7C /* Resources */,
			);
			buildRules = (
			);
			dependencies = (
			);
			name = LLists;
			productName = LLists;
			productReference = 87F746151DD0150E00C6DF7C /* LLists.app */;
			productType = "com.apple.product-type.application";
		};
/* End PBXNativeTarget section */

/* Begin PBXProject section */
		87F7460D1DD0150E00C6DF7C /* Project object */ = {
			isa = PBXProject;
			attributes = {
				LastUpgradeCheck = 0810;
				ORGANIZATIONNAME = Lana;
				TargetAttributes = {
					87F746141DD0150E00C6DF7C = {
						CreatedOnToolsVersion = 8.1;
						DevelopmentTeam = 28LG5XZ22A;
						ProvisioningStyle = Automatic;
					};
					87F746321DD0175E00C6DF7C = {
						CreatedOnToolsVersion = 8.1;
						DevelopmentTeam = 28LG5XZ22A;
						ProvisioningStyle = Automatic;
					};
				};
			};
			buildConfigurationList = 87F746101DD0150E00C6DF7C /* Build configuration list for PBXProject "LLists" */;
			compatibilityVersion = "Xcode 3.2";
			developmentRegion = English;
			hasScannedForEncodings = 0;
			knownRegions = (
				en,
				Base,
			);
			mainGroup = 87F7460C1DD0150E00C6DF7C;
			productRefGroup = 87F746161DD0150E00C6DF7C /* Products */;
			projectDirPath = "";
			projectRoot = "";
			targets = (
				87F746141DD0150E00C6DF7C /* LLists */,
				87F746321DD0175E00C6DF7C /* Mogenerator */,
			);
		};
/* End PBXProject section */

/* Begin PBXResourcesBuildPhase section */
		87F746131DD0150E00C6DF7C /* Resources */ = {
			isa = PBXResourcesBuildPhase;
			buildActionMask = 2147483647;
			files = (
				87F7462B1DD0150E00C6DF7C /* LaunchScreen.storyboard in Resources */,
				87F746281DD0150E00C6DF7C /* Assets.xcassets in Resources */,
			);
			runOnlyForDeploymentPostprocessing = 0;
		};
/* End PBXResourcesBuildPhase section */

/* Begin PBXShellScriptBuildPhase section */
		87F746361DD0177000C6DF7C /* ShellScript */ = {
			isa = PBXShellScriptBuildPhase;
			buildActionMask = 2147483647;
			files = (
			);
			inputPaths = (
			);
			outputPaths = (
			);
			runOnlyForDeploymentPostprocessing = 0;
			shellPath = /bin/sh;
			shellScript = "mogenerator -m LLists/LLists.xcdatamodeld -O LLists/Model --template-var arc=true";
		};
/* End PBXShellScriptBuildPhase section */

/* Begin PBXSourcesBuildPhase section */
		87F746111DD0150E00C6DF7C /* Sources */ = {
			isa = PBXSourcesBuildPhase;
			buildActionMask = 2147483647;
			files = (
				87D3C1A11DD3F1F20038895D /* LItemCellView.m in Sources */,
				87D3C1921DD3E9510038895D /* LTableViewController.m in Sources */,
				87F746781DD0359900C6DF7C /* Item.m in Sources */,
				87F746621DD01E6F00C6DF7C /* LSettingsManager.m in Sources */,
				87F7463C1DD0179F00C6DF7C /* List.m in Sources */,
				87D3C1AE1DD4158E0038895D /* LDismissingTransition.m in Sources */,
				87F746461DD01B6C00C6DF7C /* LLists.xcdatamodeld in Sources */,
				87F7463B1DD0179F00C6DF7C /* _List.m in Sources */,
				87F746511DD01DB500C6DF7C /* LAllListsViewCell.m in Sources */,
				87D3C1B11DD532480038895D /* LEmptyView.m in Sources */,
				87F746721DD01EE300C6DF7C /* LDoneButton.m in Sources */,
				87D3C1B51DD546340038895D /* LSwipeCell.m in Sources */,
				87F746711DD01EE300C6DF7C /* LColorTag.m in Sources */,
				87D3C1A41DD404AA0038895D /* LIconButton.m in Sources */,
				87D3C1A71DD4138B0038895D /* LPresentingTransition.m in Sources */,
				87F746751DD0358F00C6DF7C /* _Item.m in Sources */,
				87D3C1AB1DD414390038895D /* LTransition.m in Sources */,
				87F746521DD01DB500C6DF7C /* LAllListsViewController.m in Sources */,
				87F7465A1DD01E0A00C6DF7C /* LSingleListViewController.m in Sources */,
				87D3C1B91DD54B080038895D /* LListCellRightSwipeView.m in Sources */,
				87F746591DD01E0A00C6DF7C /* LSingleListViewCell.m in Sources */,
				87F746881DD2D10900C6DF7C /* LAddListView.m in Sources */,
				87F7461D1DD0150E00C6DF7C /* AppDelegate.m in Sources */,
				87F7467B1DD1429800C6DF7C /* LTextView.m in Sources */,
				87F7465E1DD01E2C00C6DF7C /* LListsManager.m in Sources */,
				87F7468B1DD2D20600C6DF7C /* LListCellView.m in Sources */,
				87F746851DD2C2C800C6DF7C /* LHeaderView.m in Sources */,
				87F7461A1DD0150E00C6DF7C /* main.m in Sources */,
				87F746921DD3B38800C6DF7C /* LSeparator.m in Sources */,
				87D3C19D1DD3F0C30038895D /* LAddItemView.m in Sources */,
			);
			runOnlyForDeploymentPostprocessing = 0;
		};
/* End PBXSourcesBuildPhase section */

/* Begin PBXVariantGroup section */
		87F746291DD0150E00C6DF7C /* LaunchScreen.storyboard */ = {
			isa = PBXVariantGroup;
			children = (
				87F7462A1DD0150E00C6DF7C /* Base */,
			);
			name = LaunchScreen.storyboard;
			sourceTree = "<group>";
		};
/* End PBXVariantGroup section */

/* Begin XCBuildConfiguration section */
		87F7462D1DD0150E00C6DF7C /* Debug */ = {
			isa = XCBuildConfiguration;
			buildSettings = {
				ALWAYS_SEARCH_USER_PATHS = NO;
				CLANG_ANALYZER_NONNULL = YES;
				CLANG_CXX_LANGUAGE_STANDARD = "gnu++0x";
				CLANG_CXX_LIBRARY = "libc++";
				CLANG_ENABLE_MODULES = YES;
				CLANG_ENABLE_OBJC_ARC = YES;
				CLANG_WARN_BOOL_CONVERSION = YES;
				CLANG_WARN_CONSTANT_CONVERSION = YES;
				CLANG_WARN_DIRECT_OBJC_ISA_USAGE = YES_ERROR;
				CLANG_WARN_DOCUMENTATION_COMMENTS = YES;
				CLANG_WARN_EMPTY_BODY = YES;
				CLANG_WARN_ENUM_CONVERSION = YES;
				CLANG_WARN_INFINITE_RECURSION = YES;
				CLANG_WARN_INT_CONVERSION = YES;
				CLANG_WARN_OBJC_ROOT_CLASS = YES_ERROR;
				CLANG_WARN_SUSPICIOUS_MOVES = YES;
				CLANG_WARN_UNREACHABLE_CODE = YES;
				CLANG_WARN__DUPLICATE_METHOD_MATCH = YES;
				"CODE_SIGN_IDENTITY[sdk=iphoneos*]" = "iPhone Developer";
				COPY_PHASE_STRIP = NO;
				DEBUG_INFORMATION_FORMAT = dwarf;
				ENABLE_STRICT_OBJC_MSGSEND = YES;
				ENABLE_TESTABILITY = YES;
				GCC_C_LANGUAGE_STANDARD = gnu99;
				GCC_DYNAMIC_NO_PIC = NO;
				GCC_NO_COMMON_BLOCKS = YES;
				GCC_OPTIMIZATION_LEVEL = 0;
				GCC_PREPROCESSOR_DEFINITIONS = (
					"DEBUG=1",
					"$(inherited)",
				);
				GCC_WARN_64_TO_32_BIT_CONVERSION = YES;
				GCC_WARN_ABOUT_RETURN_TYPE = YES_ERROR;
				GCC_WARN_UNDECLARED_SELECTOR = YES;
				GCC_WARN_UNINITIALIZED_AUTOS = YES_AGGRESSIVE;
				GCC_WARN_UNUSED_FUNCTION = YES;
				GCC_WARN_UNUSED_VARIABLE = YES;
				IPHONEOS_DEPLOYMENT_TARGET = 8.0;
				MTL_ENABLE_DEBUG_INFO = YES;
				ONLY_ACTIVE_ARCH = YES;
				SDKROOT = iphoneos;
				TARGETED_DEVICE_FAMILY = "1,2";
			};
			name = Debug;
		};
		87F7462E1DD0150E00C6DF7C /* Release */ = {
			isa = XCBuildConfiguration;
			buildSettings = {
				ALWAYS_SEARCH_USER_PATHS = NO;
				CLANG_ANALYZER_NONNULL = YES;
				CLANG_CXX_LANGUAGE_STANDARD = "gnu++0x";
				CLANG_CXX_LIBRARY = "libc++";
				CLANG_ENABLE_MODULES = YES;
				CLANG_ENABLE_OBJC_ARC = YES;
				CLANG_WARN_BOOL_CONVERSION = YES;
				CLANG_WARN_CONSTANT_CONVERSION = YES;
				CLANG_WARN_DIRECT_OBJC_ISA_USAGE = YES_ERROR;
				CLANG_WARN_DOCUMENTATION_COMMENTS = YES;
				CLANG_WARN_EMPTY_BODY = YES;
				CLANG_WARN_ENUM_CONVERSION = YES;
				CLANG_WARN_INFINITE_RECURSION = YES;
				CLANG_WARN_INT_CONVERSION = YES;
				CLANG_WARN_OBJC_ROOT_CLASS = YES_ERROR;
				CLANG_WARN_SUSPICIOUS_MOVES = YES;
				CLANG_WARN_UNREACHABLE_CODE = YES;
				CLANG_WARN__DUPLICATE_METHOD_MATCH = YES;
				"CODE_SIGN_IDENTITY[sdk=iphoneos*]" = "iPhone Developer";
				COPY_PHASE_STRIP = NO;
				DEBUG_INFORMATION_FORMAT = "dwarf-with-dsym";
				ENABLE_NS_ASSERTIONS = NO;
				ENABLE_STRICT_OBJC_MSGSEND = YES;
				GCC_C_LANGUAGE_STANDARD = gnu99;
				GCC_NO_COMMON_BLOCKS = YES;
				GCC_WARN_64_TO_32_BIT_CONVERSION = YES;
				GCC_WARN_ABOUT_RETURN_TYPE = YES_ERROR;
				GCC_WARN_UNDECLARED_SELECTOR = YES;
				GCC_WARN_UNINITIALIZED_AUTOS = YES_AGGRESSIVE;
				GCC_WARN_UNUSED_FUNCTION = YES;
				GCC_WARN_UNUSED_VARIABLE = YES;
				IPHONEOS_DEPLOYMENT_TARGET = 8.0;
				MTL_ENABLE_DEBUG_INFO = NO;
				SDKROOT = iphoneos;
				TARGETED_DEVICE_FAMILY = "1,2";
				VALIDATE_PRODUCT = YES;
			};
			name = Release;
		};
		87F746301DD0150E00C6DF7C /* Debug */ = {
			isa = XCBuildConfiguration;
			buildSettings = {
				ASSETCATALOG_COMPILER_APPICON_NAME = AppIcon;
				DEVELOPMENT_TEAM = 28LG5XZ22A;
				FRAMEWORK_SEARCH_PATHS = (
					"$(inherited)",
					"$(PROJECT_DIR)/LLists",
				);
				GCC_PREFIX_HEADER = LLists/PrefixHeader.pch;
				INFOPLIST_FILE = LLists/Info.plist;
				LD_RUNPATH_SEARCH_PATHS = "$(inherited) @executable_path/Frameworks";
				OTHER_LDFLAGS = "-ObjC";
				PRODUCT_BUNDLE_IDENTIFIER = Lana.LLists;
				PRODUCT_NAME = "$(TARGET_NAME)";
			};
			name = Debug;
		};
		87F746311DD0150E00C6DF7C /* Release */ = {
			isa = XCBuildConfiguration;
			buildSettings = {
				ASSETCATALOG_COMPILER_APPICON_NAME = AppIcon;
				DEVELOPMENT_TEAM = 28LG5XZ22A;
				FRAMEWORK_SEARCH_PATHS = (
					"$(inherited)",
					"$(PROJECT_DIR)/LLists",
				);
				GCC_PREFIX_HEADER = LLists/PrefixHeader.pch;
				INFOPLIST_FILE = LLists/Info.plist;
				LD_RUNPATH_SEARCH_PATHS = "$(inherited) @executable_path/Frameworks";
				OTHER_LDFLAGS = "-ObjC";
				PRODUCT_BUNDLE_IDENTIFIER = Lana.LLists;
				PRODUCT_NAME = "$(TARGET_NAME)";
			};
			name = Release;
		};
		87F746341DD0175E00C6DF7C /* Debug */ = {
			isa = XCBuildConfiguration;
			buildSettings = {
				DEVELOPMENT_TEAM = 28LG5XZ22A;
				PRODUCT_NAME = "$(TARGET_NAME)";
			};
			name = Debug;
		};
		87F746351DD0175E00C6DF7C /* Release */ = {
			isa = XCBuildConfiguration;
			buildSettings = {
				DEVELOPMENT_TEAM = 28LG5XZ22A;
				PRODUCT_NAME = "$(TARGET_NAME)";
			};
			name = Release;
		};
/* End XCBuildConfiguration section */

/* Begin XCConfigurationList section */
		87F746101DD0150E00C6DF7C /* Build configuration list for PBXProject "LLists" */ = {
			isa = XCConfigurationList;
			buildConfigurations = (
				87F7462D1DD0150E00C6DF7C /* Debug */,
				87F7462E1DD0150E00C6DF7C /* Release */,
			);
			defaultConfigurationIsVisible = 0;
			defaultConfigurationName = Release;
		};
		87F7462F1DD0150E00C6DF7C /* Build configuration list for PBXNativeTarget "LLists" */ = {
			isa = XCConfigurationList;
			buildConfigurations = (
				87F746301DD0150E00C6DF7C /* Debug */,
				87F746311DD0150E00C6DF7C /* Release */,
			);
			defaultConfigurationIsVisible = 0;
			defaultConfigurationName = Release;
		};
		87F746331DD0175E00C6DF7C /* Build configuration list for PBXAggregateTarget "Mogenerator" */ = {
			isa = XCConfigurationList;
			buildConfigurations = (
				87F746341DD0175E00C6DF7C /* Debug */,
				87F746351DD0175E00C6DF7C /* Release */,
			);
			defaultConfigurationIsVisible = 0;
			defaultConfigurationName = Release;
		};
/* End XCConfigurationList section */

/* Begin XCVersionGroup section */
		87F746241DD0150E00C6DF7C /* LLists.xcdatamodeld */ = {
			isa = XCVersionGroup;
			children = (
				87F746251DD0150E00C6DF7C /* LLists.xcdatamodel */,
			);
			currentVersion = 87F746251DD0150E00C6DF7C /* LLists.xcdatamodel */;
			path = LLists.xcdatamodeld;
			sourceTree = "<group>";
			versionGroupType = wrapper.xcdatamodel;
		};
/* End XCVersionGroup section */
	};
	rootObject = 87F7460D1DD0150E00C6DF7C /* Project object */;
}
